
Microsoft Visual Studio Solution File, Format Version 12.00
# Visual Studio Version 16
VisualStudioVersion = 16.0.29411.108
MinimumVisualStudioVersion = 10.0.40219.1
Project("{9A19103F-16F7-4668-BE54-9A1E7A4F7556}") = "MediaHub", "MediaHub\MediaHub.csproj", "{40228730-74FC-46A0-8F8D-D8A03C4CE1C4}"
EndProject
Project("{9A19103F-16F7-4668-BE54-9A1E7A4F7556}") = "MediaHub.Model", "MediaHub.Model\MediaHub.Model.csproj", "{FF4407E7-6AFE-4643-83F7-D484AD6F8EC6}"
EndProject
Project("{9A19103F-16F7-4668-BE54-9A1E7A4F7556}") = "MediaHub.Common", "MediaHub.Common\MediaHub.Common.csproj", "{4F842DD5-E5E9-4692-A6CD-A8D6BF60E8C2}"
EndProject
Project("{9A19103F-16F7-4668-BE54-9A1E7A4F7556}") = "MediaHub.IRepository", "MediaHub.IRespository\MediaHub.IRepository.csproj", "{6839AB2E-9351-495A-BEF7-24F08BE933DC}"
EndProject
Project("{9A19103F-16F7-4668-BE54-9A1E7A4F7556}") = "MediaHub.Data", "MediaHub.Data\MediaHub.Data.csproj", "{7A62843E-6C1D-48AD-8FB5-A3BF030E5AB8}"
EndProject
Project("{9A19103F-16F7-4668-BE54-9A1E7A4F7556}") = "MediaHub.Repository", "MediaHub.Resposity\MediaHub.Repository.csproj", "{DB99CF0C-0B9B-4A07-92D3-88E107249912}"
EndProject
Global
	GlobalSection(SolutionConfigurationPlatforms) = preSolution
		Debug|Any CPU = Debug|Any CPU
		Release|Any CPU = Release|Any CPU
	EndGlobalSection
	GlobalSection(ProjectConfigurationPlatforms) = postSolution
		{40228730-74FC-46A0-8F8D-D8A03C4CE1C4}.Debug|Any CPU.ActiveCfg = Debug|Any CPU
		{40228730-74FC-46A0-8F8D-D8A03C4CE1C4}.Debug|Any CPU.Build.0 = Debug|Any CPU
		{40228730-74FC-46A0-8F8D-D8A03C4CE1C4}.Release|Any CPU.ActiveCfg = Release|Any CPU
		{40228730-74FC-46A0-8F8D-D8A03C4CE1C4}.Release|Any CPU.Build.0 = Release|Any CPU
		{FF4407E7-6AFE-4643-83F7-D484AD6F8EC6}.Debug|Any CPU.ActiveCfg = Debug|Any CPU
		{FF4407E7-6AFE-4643-83F7-D484AD6F8EC6}.Debug|Any CPU.Build.0 = Debug|Any CPU
		{FF4407E7-6AFE-4643-83F7-D484AD6F8EC6}.Release|Any CPU.ActiveCfg = Release|Any CPU
		{FF4407E7-6AFE-4643-83F7-D484AD6F8EC6}.Release|Any CPU.Build.0 = Release|Any CPU
		{4F842DD5-E5E9-4692-A6CD-A8D6BF60E8C2}.Debug|Any CPU.ActiveCfg = Debug|Any CPU
		{4F842DD5-E5E9-4692-A6CD-A8D6BF60E8C2}.Debug|Any CPU.Build.0 = Debug|Any CPU
		{4F842DD5-E5E9-4692-A6CD-A8D6BF60E8C2}.Release|Any CPU.ActiveCfg = Release|Any CPU
		{4F842DD5-E5E9-4692-A6CD-A8D6BF60E8C2}.Release|Any CPU.Build.0 = Release|Any CPU
		{6839AB2E-9351-495A-BEF7-24F08BE933DC}.Debug|Any CPU.ActiveCfg = Debug|Any CPU
		{6839AB2E-9351-495A-BEF7-24F08BE933DC}.Debug|Any CPU.Build.0 = Debug|Any CPU
		{6839AB2E-9351-495A-BEF7-24F08BE933DC}.Release|Any CPU.ActiveCfg = Release|Any CPU
		{6839AB2E-9351-495A-BEF7-24F08BE933DC}.Release|Any CPU.Build.0 = Release|Any CPU
		{7A62843E-6C1D-48AD-8FB5-A3BF030E5AB8}.Debug|Any CPU.ActiveCfg = Debug|Any CPU
		{7A62843E-6C1D-48AD-8FB5-A3BF030E5AB8}.Debug|Any CPU.Build.0 = Debug|Any CPU
		{7A62843E-6C1D-48AD-8FB5-A3BF030E5AB8}.Release|Any CPU.ActiveCfg = Release|Any CPU
		{7A62843E-6C1D-48AD-8FB5-A3BF030E5AB8}.Release|Any CPU.Build.0 = Release|Any CPU
		{DB99CF0C-0B9B-4A07-92D3-88E107249912}.Debug|Any CPU.ActiveCfg = Debug|Any CPU
		{DB99CF0C-0B9B-4A07-92D3-88E107249912}.Debug|Any CPU.Build.0 = Debug|Any CPU
		{DB99CF0C-0B9B-4A07-92D3-88E107249912}.Release|Any CPU.ActiveCfg = Release|Any CPU
		{DB99CF0C-0B9B-4A07-92D3-88E107249912}.Release|Any CPU.Build.0 = Release|Any CPU
	EndGlobalSection
	GlobalSection(SolutionProperties) = preSolution
		HideSolutionNode = FALSE
	EndGlobalSection
	GlobalSection(ExtensibilityGlobals) = postSolution
		SolutionGuid = {D3594C37-14D6-4E1D-BB01-F49FD494C0B3}
	EndGlobalSection
EndGlobal
